<?xml version="1.0" encoding="utf-8"?>
<Project ToolsVersion="4.0" xmlns="http://schemas.microsoft.com/developer/msbuild/2003">
  <ItemGroup>
    <Filter Include="Source Files">
      <UniqueIdentifier>{b6623881-6238-4de5-8531-ac2cdc0a46dd}</UniqueIdentifier>
      <Extensions>cpp;c;cxx;rc;def;r;odl;idl;hpj;bat</Extensions>
    </Filter>
    <Filter Include="Header Files">
      <UniqueIdentifier>{2924113a-e393-47b4-a11c-fc23c8966f00}</UniqueIdentifier>
      <Extensions>h;hpp;hxx;hm;inl</Extensions>
    </Filter>
    <Filter Include="Resource Files">
      <UniqueIdentifier>{b64eb69b-5edd-4d2e-8bb5-1017f74a33f1}</UniqueIdentifier>
      <Extensions>ico;cur;bmp;dlg;rc2;rct;bin;rgs;gif;jpg;jpeg;jpe</Extensions>
    </Filter>
    <Filter Include="Documents">
      <UniqueIdentifier>{8b9652c7-d16a-4147-8522-5c7f4a58440a}</UniqueIdentifier>
      <Extensions>txt;doc;rtf;html;htm</Extensions>
    </Filter>
    <Filter Include="Scripts">
      <UniqueIdentifier>{b7d66c78-9bf4-45e7-a115-9a6c69acc949}</UniqueIdentifier>
      <Extensions>js;vbs</Extensions>
    </Filter>
  </ItemGroup>
  <ItemGroup>
    <ClCompile Include="AboutDlg.cpp">
      <Filter>Source Files</Filter>
    </ClCompile>
    <ClCompile Include="DefaultDlg.cpp">
      <Filter>Source Files</Filter>
    </ClCompile>
    <ClCompile Include="FileVersionInfo.cpp">
      <Filter>Source Files</Filter>
    </ClCompile>
    <ClCompile Include="PalemoonPreloader.cpp">
      <Filter>Source Files</Filter>
    </ClCompile>
    <ClCompile Include="Helpers.cpp">
      <Filter>Source Files</Filter>
    </ClCompile>
    <ClCompile Include="OptionsDlg.cpp">
      <Filter>Source Files</Filter>
    </ClCompile>
    <ClCompile Include="processes.cpp">
      <Filter>Source Files</Filter>
    </ClCompile>
    <ClCompile Include="StdAfx.cpp">
      <Filter>Source Files</Filter>
    </ClCompile>
  </ItemGroup>
  <ItemGroup>
    <ResourceCompile Include="PalemoonPreloader.rc">
      <Filter>Source Files</Filter>
    </ResourceCompile>
  </ItemGroup>
  <ItemGroup>
    <ClInclude Include="AboutDlg.h">
      <Filter>Header Files</Filter>
    </ClInclude>
    <ClInclude Include="autover.h">
      <Filter>Header Files</Filter>
    </ClInclude>
    <ClInclude Include="DefaultDlg.h">
      <Filter>Header Files</Filter>
    </ClInclude>
    <ClInclude Include="FileVersionInfo.h">
      <Filter>Header Files</Filter>
    </ClInclude>
    <ClInclude Include="PalemoonPreloader.h">
      <Filter>Header Files</Filter>
    </ClInclude>
    <ClInclude Include="helpers.h">
      <Filter>Header Files</Filter>
    </ClInclude>
    <ClInclude Include="OptionsDlg.h">
      <Filter>Header Files</Filter>
    </ClInclude>
    <ClInclude Include="processes.h">
      <Filter>Header Files</Filter>
    </ClInclude>
    <ClInclude Include="Resource.h">
      <Filter>Header Files</Filter>
    </ClInclude>
    <ClInclude Include="StdAfx.h">
      <Filter>Header Files</Filter>
    </ClInclude>
  </ItemGroup>
  <ItemGroup>
    <Image Include="res\PalemoonPreloader-Off.ico">
      <Filter>Resource Files</Filter>
    </Image>
    <Image Include="res\PalemoonPreloader.ico">
      <Filter>Resource Files</Filter>
    </Image>
    <Image Include="res\PalemoonPreloader16-Off.ico">
      <Filter>Resource Files</Filter>
    </Image>
    <Image Include="res\PalemoonPreloader16.ico">
      <Filter>Resource Files</Filter>
    </Image>
  </ItemGroup>
  <ItemGroup>
    <Text Include="Building.txt">
      <Filter>Documents</Filter>
    </Text>
    <Text Include="ChangeLog.txt">
      <Filter>Documents</Filter>
    </Text>
    <Text Include="License.txt">
      <Filter>Documents</Filter>
    </Text>
    <Text Include="NextBuildNumber.txt">
      <Filter>Documents</Filter>
    </Text>
    <Text Include="ReadMe.txt">
      <Filter>Documents</Filter>
    </Text>
  </ItemGroup>
  <ItemGroup>
    <CustomBuild Include="res\PalemoonPreloader.rc2">
      <Filter>Resource Files</Filter>
    </CustomBuild>
    <CustomBuild Include="Manual.html">
      <Filter>Documents</Filter>
    </CustomBuild>
    <CustomBuild Include="autover.js">
      <Filter>Scripts</Filter>
    </CustomBuild>
  </ItemGroup>
  <ItemGroup>
    <Library Include="..\..\RegistryClass\Release\regclassu.lib" />
  </ItemGroup>
</Project>